// !$*UTF8*$!
{
	archiveVersion = 1;
	classes = {
	};
	objectVersion = 46;
	objects = {

/* Begin PBXBuildFile section */
		10E903B51CA9A017000904DB /* CircleView.m in Sources */ = {isa = PBXBuildFile; fileRef = 10E903B41CA9A017000904DB /* CircleView.m */; };
		10F070B91CB9CC620051A053 /* RDBluetoothLowEnergy.m in Sources */ = {isa = PBXBuildFile; fileRef = 10F070B81CB9CC620051A053 /* RDBluetoothLowEnergy.m */; };
		1934BCCC1CC25C3600475745 /* HeartRateExerciseViewController.m in Sources */ = {isa = PBXBuildFile; fileRef = 1934BCCB1CC25C3600475745 /* HeartRateExerciseViewController.m */; };
		1945CC461CBD80BA004505F6 /* AppleWatchTraining.png in Resources */ = {isa = PBXBuildFile; fileRef = 1945CC421CBD80BA004505F6 /* AppleWatchTraining.png */; };
		1945CC471CBD80BA004505F6 /* HeartRateTraining.png in Resources */ = {isa = PBXBuildFile; fileRef = 1945CC431CBD80BA004505F6 /* HeartRateTraining.png */; };
		1945CC481CBD80BA004505F6 /* MoovTraining.png in Resources */ = {isa = PBXBuildFile; fileRef = 1945CC441CBD80BA004505F6 /* MoovTraining.png */; };
		1945CC491CBD80BA004505F6 /* TaoTraining.png in Resources */ = {isa = PBXBuildFile; fileRef = 1945CC451CBD80BA004505F6 /* TaoTraining.png */; };
		194DB9F31CC69CBC00546EEB /* PickerTableCell.m in Sources */ = {isa = PBXBuildFile; fileRef = 194DB9F21CC69CBC00546EEB /* PickerTableCell.m */; };
		1971357C1CC96A470078F31B /* AddFoodViewController.m in Sources */ = {isa = PBXBuildFile; fileRef = 1971357B1CC96A470078F31B /* AddFoodViewController.m */; };
		197292161CBD5B6800CD5A48 /* BluetoothDeviceList.m in Sources */ = {isa = PBXBuildFile; fileRef = 197292151CBD5B6800CD5A48 /* BluetoothDeviceList.m */; };
		19811DF41CBEFC530037B65A /* MoovCommunication.m in Sources */ = {isa = PBXBuildFile; fileRef = 19811DF31CBEFC530037B65A /* MoovCommunication.m */; };
		19811DF71CBEFC800037B65A /* HeartRateensorCommunication.m in Sources */ = {isa = PBXBuildFile; fileRef = 19811DF61CBEFC800037B65A /* HeartRateensorCommunication.m */; };
		19811DFA1CBEFC970037B65A /* AdeptStickCommunication.m in Sources */ = {isa = PBXBuildFile; fileRef = 19811DF91CBEFC970037B65A /* AdeptStickCommunication.m */; };
		1998A5F41CAC654E00DA95C1 /* HealthKitIntegration.m in Sources */ = {isa = PBXBuildFile; fileRef = 1998A5F31CAC654E00DA95C1 /* HealthKitIntegration.m */; };
		1998A5F81CAC802D00DA95C1 /* RDDateTime.m in Sources */ = {isa = PBXBuildFile; fileRef = 1998A5F71CAC802D00DA95C1 /* RDDateTime.m */; };
		199E0C151CB912C00094B384 /* DailyTarget.m in Sources */ = {isa = PBXBuildFile; fileRef = 199E0C141CB912C00094B384 /* DailyTarget.m */; };
		199E0C1A1CB9B5630094B384 /* DeviceConnectionStateTableViewCell.m in Sources */ = {isa = PBXBuildFile; fileRef = 199E0C191CB9B5630094B384 /* DeviceConnectionStateTableViewCell.m */; };
		199E0C211CB9CE040094B384 /* TAOCommunication.m in Sources */ = {isa = PBXBuildFile; fileRef = 199E0C201CB9CE040094B384 /* TAOCommunication.m */; };
		199F44691CBC340200D26FDB /* BluetoothDevice.m in Sources */ = {isa = PBXBuildFile; fileRef = 199F44681CBC340200D26FDB /* BluetoothDevice.m */; };
		19C2254A1CB6B3BA0017D5A7 /* ResearchKit.framework in Frameworks */ = {isa = PBXBuildFile; fileRef = 19C225461CB6B1090017D5A7 /* ResearchKit.framework */; };
		19C2254B1CB6B3BA0017D5A7 /* ResearchKit.framework in Embed Frameworks */ = {isa = PBXBuildFile; fileRef = 19C225461CB6B1090017D5A7 /* ResearchKit.framework */; settings = {ATTRIBUTES = (CodeSignOnCopy, RemoveHeadersOnCopy, ); }; };
		19C225521CB6B6C50017D5A7 /* HKHealthStore+AAPLExtensions.m in Sources */ = {isa = PBXBuildFile; fileRef = 19C225511CB6B6C50017D5A7 /* HKHealthStore+AAPLExtensions.m */; };
		19C225561CB714FC0017D5A7 /* syncing.png in Resources */ = {isa = PBXBuildFile; fileRef = 19C225551CB714FC0017D5A7 /* syncing.png */; };
		19C225581CB7150A0017D5A7 /* syncing@2x.png in Resources */ = {isa = PBXBuildFile; fileRef = 19C225571CB7150A0017D5A7 /* syncing@2x.png */; };
		19C2255A1CB715180017D5A7 /* syncing@3x.png in Resources */ = {isa = PBXBuildFile; fileRef = 19C225591CB715180017D5A7 /* syncing@3x.png */; };
		19C2258A1CB71EFE0017D5A7 /* Connections.png in Resources */ = {isa = PBXBuildFile; fileRef = 19C2257B1CB71EFE0017D5A7 /* Connections.png */; };
		19C2258B1CB71EFE0017D5A7 /* Connections@2x.png in Resources */ = {isa = PBXBuildFile; fileRef = 19C2257C1CB71EFE0017D5A7 /* Connections@2x.png */; };
		19C2258C1CB71EFE0017D5A7 /* Connections@3x.png in Resources */ = {isa = PBXBuildFile; fileRef = 19C2257D1CB71EFE0017D5A7 /* Connections@3x.png */; };
		19C2258D1CB71EFE0017D5A7 /* Exercise.png in Resources */ = {isa = PBXBuildFile; fileRef = 19C2257E1CB71EFE0017D5A7 /* Exercise.png */; };
		19C2258E1CB71EFE0017D5A7 /* Exercise@2x.png in Resources */ = {isa = PBXBuildFile; fileRef = 19C2257F1CB71EFE0017D5A7 /* Exercise@2x.png */; };
		19C2258F1CB71EFE0017D5A7 /* Exercise@3x.png in Resources */ = {isa = PBXBuildFile; fileRef = 19C225801CB71EFE0017D5A7 /* Exercise@3x.png */; };
		19C225901CB71EFE0017D5A7 /* Profile.png in Resources */ = {isa = PBXBuildFile; fileRef = 19C225811CB71EFE0017D5A7 /* Profile.png */; };
		19C225911CB71EFE0017D5A7 /* Profile@2x.png in Resources */ = {isa = PBXBuildFile; fileRef = 19C225821CB71EFE0017D5A7 /* Profile@2x.png */; };
		19C225921CB71EFE0017D5A7 /* Profile@3x.png in Resources */ = {isa = PBXBuildFile; fileRef = 19C225831CB71EFE0017D5A7 /* Profile@3x.png */; };
		19C225931CB71EFE0017D5A7 /* Settings.png in Resources */ = {isa = PBXBuildFile; fileRef = 19C225841CB71EFE0017D5A7 /* Settings.png */; };
		19C225941CB71EFE0017D5A7 /* Settings@2x.png in Resources */ = {isa = PBXBuildFile; fileRef = 19C225851CB71EFE0017D5A7 /* Settings@2x.png */; };
		19C225951CB71EFE0017D5A7 /* Settings@3x.png in Resources */ = {isa = PBXBuildFile; fileRef = 19C225861CB71EFE0017D5A7 /* Settings@3x.png */; };
		19C225961CB71EFE0017D5A7 /* Statistics.png in Resources */ = {isa = PBXBuildFile; fileRef = 19C225871CB71EFE0017D5A7 /* Statistics.png */; };
		19C225971CB71EFE0017D5A7 /* Statistics@2x.png in Resources */ = {isa = PBXBuildFile; fileRef = 19C225881CB71EFE0017D5A7 /* Statistics@2x.png */; };
		19C225981CB71EFE0017D5A7 /* Statistics@3x.png in Resources */ = {isa = PBXBuildFile; fileRef = 19C225891CB71EFE0017D5A7 /* Statistics@3x.png */; };
		19C2259A1CB720210017D5A7 /* circle.png in Resources */ = {isa = PBXBuildFile; fileRef = 19C225991CB720210017D5A7 /* circle.png */; };
		19C2259C1CB720260017D5A7 /* circle@2x.png in Resources */ = {isa = PBXBuildFile; fileRef = 19C2259B1CB720260017D5A7 /* circle@2x.png */; };
		19C2259E1CB7207E0017D5A7 /* circle-48.png in Resources */ = {isa = PBXBuildFile; fileRef = 19C2259D1CB7207E0017D5A7 /* circle-48.png */; };
		19DA718C1CAAF1020078DC65 /* TrainingSelectTableViewController.m in Sources */ = {isa = PBXBuildFile; fileRef = 19DA718B1CAAF1020078DC65 /* TrainingSelectTableViewController.m */; };
		19DA718F1CAAF11A0078DC65 /* ExerciseExecutionViewController.m in Sources */ = {isa = PBXBuildFile; fileRef = 19DA718E1CAAF11A0078DC65 /* ExerciseExecutionViewController.m */; };
		19DA71921CAAF5DA0078DC65 /* ExerciseStaticLine.m in Sources */ = {isa = PBXBuildFile; fileRef = 19DA71911CAAF5DA0078DC65 /* ExerciseStaticLine.m */; };
		19DA71981CAB09310078DC65 /* ExerciseDynamicLine.m in Sources */ = {isa = PBXBuildFile; fileRef = 19DA71971CAB09310078DC65 /* ExerciseDynamicLine.m */; };
		19DA719A1CAB0DF30078DC65 /* calories.png in Resources */ = {isa = PBXBuildFile; fileRef = 19DA71991CAB0DF30078DC65 /* calories.png */; };
		19DA719C1CAB0DF90078DC65 /* heartrate.png in Resources */ = {isa = PBXBuildFile; fileRef = 19DA719B1CAB0DF90078DC65 /* heartrate.png */; };
		19DA719E1CAB11C40078DC65 /* mxerciseImage1axresdefault.jpg in Resources */ = {isa = PBXBuildFile; fileRef = 19DA719D1CAB11C40078DC65 /* mxerciseImage1axresdefault.jpg */; };
		19DA71A81CAC2BD90078DC65 /* HealthKit.framework in Frameworks */ = {isa = PBXBuildFile; fileRef = 19DA71A71CAC2BD90078DC65 /* HealthKit.framework */; };
		19FDF03F1CA9950F00FBE133 /* main.m in Sources */ = {isa = PBXBuildFile; fileRef = 19FDF03E1CA9950F00FBE133 /* main.m */; };
		19FDF0421CA9950F00FBE133 /* AppDelegate.m in Sources */ = {isa = PBXBuildFile; fileRef = 19FDF0411CA9950F00FBE133 /* AppDelegate.m */; };
		19FDF04B1CA9950F00FBE133 /* Main.storyboard in Resources */ = {isa = PBXBuildFile; fileRef = 19FDF0491CA9950F00FBE133 /* Main.storyboard */; };
		19FDF04D1CA9950F00FBE133 /* Assets.xcassets in Resources */ = {isa = PBXBuildFile; fileRef = 19FDF04C1CA9950F00FBE133 /* Assets.xcassets */; };
		19FDF0501CA9950F00FBE133 /* LaunchScreen.storyboard in Resources */ = {isa = PBXBuildFile; fileRef = 19FDF04E1CA9950F00FBE133 /* LaunchScreen.storyboard */; };
		19FDF0591CA996A200FBE133 /* HomeViewController.m in Sources */ = {isa = PBXBuildFile; fileRef = 19FDF0581CA996A200FBE133 /* HomeViewController.m */; };
		19FDF05C1CA996BA00FBE133 /* PeripheralsTableViewController.m in Sources */ = {isa = PBXBuildFile; fileRef = 19FDF05B1CA996BA00FBE133 /* PeripheralsTableViewController.m */; };
		19FDF05F1CA996E200FBE133 /* ExerciseViewController.m in Sources */ = {isa = PBXBuildFile; fileRef = 19FDF05E1CA996E200FBE133 /* ExerciseViewController.m */; };
		19FDF0621CA9970F00FBE133 /* PerformanceViewController.m in Sources */ = {isa = PBXBuildFile; fileRef = 19FDF0611CA9970F00FBE133 /* PerformanceViewController.m */; };
		19FDF0651CA9972400FBE133 /* SettingsTableViewController.m in Sources */ = {isa = PBXBuildFile; fileRef = 19FDF0641CA9972400FBE133 /* SettingsTableViewController.m */; };
		19FDF06C1CAA7DC400FBE133 /* TAO-picture.png in Resources */ = {isa = PBXBuildFile; fileRef = 19FDF06B1CAA7DC400FBE133 /* TAO-picture.png */; };
		D334485A1CC836A100DAF4A4 /* UserDataSingleton.m in Sources */ = {isa = PBXBuildFile; fileRef = D33448591CC836A100DAF4A4 /* UserDataSingleton.m */; };
		D334485D1CC83BD300DAF4A4 /* UserDataCaloriesSingleton.m in Sources */ = {isa = PBXBuildFile; fileRef = D334485C1CC83BD300DAF4A4 /* UserDataCaloriesSingleton.m */; };
		D33448601CC86A5C00DAF4A4 /* RDWeb.m in Sources */ = {isa = PBXBuildFile; fileRef = D334485F1CC86A5C00DAF4A4 /* RDWeb.m */; };
		D33448631CC8761300DAF4A4 /* RDWebGet.m in Sources */ = {isa = PBXBuildFile; fileRef = D33448621CC8761300DAF4A4 /* RDWebGet.m */; };
		D33448661CC88A6A00DAF4A4 /* RDBarcodeScanner.m in Sources */ = {isa = PBXBuildFile; fileRef = D33448651CC88A6A00DAF4A4 /* RDBarcodeScanner.m */; };
		D33448681CC88B7000DAF4A4 /* UIKit.framework in Frameworks */ = {isa = PBXBuildFile; fileRef = D33448671CC88B7000DAF4A4 /* UIKit.framework */; };
		D3A13FA11CC3EEBF009CC8C2 /* RDReachability.m in Sources */ = {isa = PBXBuildFile; fileRef = D3A13FA01CC3EEBF009CC8C2 /* RDReachability.m */; };
		D3B714531CC2481D00C08DD8 /* RDWebPost.m in Sources */ = {isa = PBXBuildFile; fileRef = D3B714521CC2481D00C08DD8 /* RDWebPost.m */; };
/* End PBXBuildFile section */

/* Begin PBXContainerItemProxy section */
		19C225451CB6B1090017D5A7 /* PBXContainerItemProxy */ = {
			isa = PBXContainerItemProxy;
			containerPortal = 19C225361CB6B0E40017D5A7 /* ResearchKit.xcodeproj */;
			proxyType = 2;
			remoteGlobalIDString = B183A5951A8535D100C76870;
			remoteInfo = ResearchKit;
		};
		19C225471CB6B1090017D5A7 /* PBXContainerItemProxy */ = {
			isa = PBXContainerItemProxy;
			containerPortal = 19C225361CB6B0E40017D5A7 /* ResearchKit.xcodeproj */;
			proxyType = 2;
			remoteGlobalIDString = 86CC8E9A1AC09332001CCD89;
			remoteInfo = ResearchKitTests;
		};
		19C2254C1CB6B3BA0017D5A7 /* PBXContainerItemProxy */ = {
			isa = PBXContainerItemProxy;
			containerPortal = 19C225361CB6B0E40017D5A7 /* ResearchKit.xcodeproj */;
			proxyType = 1;
			remoteGlobalIDString = B183A4731A8535D100C76870;
			remoteInfo = ResearchKit;
		};
/* End PBXContainerItemProxy section */

/* Begin PBXCopyFilesBuildPhase section */
		19C2254E1CB6B3BA0017D5A7 /* Embed Frameworks */ = {
			isa = PBXCopyFilesBuildPhase;
			buildActionMask = 2147483647;
			dstPath = "";
			dstSubfolderSpec = 10;
			files = (
				19C2254B1CB6B3BA0017D5A7 /* ResearchKit.framework in Embed Frameworks */,
			);
			name = "Embed Frameworks";
			runOnlyForDeploymentPostprocessing = 0;
		};
/* End PBXCopyFilesBuildPhase section */

/* Begin PBXFileReference section */
		10E903B31CA9A017000904DB /* CircleView.h */ = {isa = PBXFileReference; fileEncoding = 4; lastKnownFileType = sourcecode.c.h; path = CircleView.h; sourceTree = "<group>"; };
		10E903B41CA9A017000904DB /* CircleView.m */ = {isa = PBXFileReference; fileEncoding = 4; lastKnownFileType = sourcecode.c.objc; path = CircleView.m; sourceTree = "<group>"; };
		10F070B71CB9CC620051A053 /* RDBluetoothLowEnergy.h */ = {isa = PBXFileReference; fileEncoding = 4; lastKnownFileType = sourcecode.c.h; path = RDBluetoothLowEnergy.h; sourceTree = "<group>"; };
		10F070B81CB9CC620051A053 /* RDBluetoothLowEnergy.m */ = {isa = PBXFileReference; fileEncoding = 4; lastKnownFileType = sourcecode.c.objc; path = RDBluetoothLowEnergy.m; sourceTree = "<group>"; };
		1934BCCA1CC25C3600475745 /* HeartRateExerciseViewController.h */ = {isa = PBXFileReference; fileEncoding = 4; lastKnownFileType = sourcecode.c.h; path = HeartRateExerciseViewController.h; sourceTree = "<group>"; };
		1934BCCB1CC25C3600475745 /* HeartRateExerciseViewController.m */ = {isa = PBXFileReference; fileEncoding = 4; lastKnownFileType = sourcecode.c.objc; path = HeartRateExerciseViewController.m; sourceTree = "<group>"; };
		1945CC421CBD80BA004505F6 /* AppleWatchTraining.png */ = {isa = PBXFileReference; lastKnownFileType = image.png; path = AppleWatchTraining.png; sourceTree = "<group>"; };
		1945CC431CBD80BA004505F6 /* HeartRateTraining.png */ = {isa = PBXFileReference; lastKnownFileType = image.png; path = HeartRateTraining.png; sourceTree = "<group>"; };
		1945CC441CBD80BA004505F6 /* MoovTraining.png */ = {isa = PBXFileReference; lastKnownFileType = image.png; path = MoovTraining.png; sourceTree = "<group>"; };
		1945CC451CBD80BA004505F6 /* TaoTraining.png */ = {isa = PBXFileReference; lastKnownFileType = image.png; path = TaoTraining.png; sourceTree = "<group>"; };
		194DB9F11CC69CBC00546EEB /* PickerTableCell.h */ = {isa = PBXFileReference; fileEncoding = 4; lastKnownFileType = sourcecode.c.h; path = PickerTableCell.h; sourceTree = "<group>"; };
		194DB9F21CC69CBC00546EEB /* PickerTableCell.m */ = {isa = PBXFileReference; fileEncoding = 4; lastKnownFileType = sourcecode.c.objc; path = PickerTableCell.m; sourceTree = "<group>"; };
		1971357A1CC96A470078F31B /* AddFoodViewController.h */ = {isa = PBXFileReference; fileEncoding = 4; lastKnownFileType = sourcecode.c.h; path = AddFoodViewController.h; sourceTree = "<group>"; };
		1971357B1CC96A470078F31B /* AddFoodViewController.m */ = {isa = PBXFileReference; fileEncoding = 4; lastKnownFileType = sourcecode.c.objc; path = AddFoodViewController.m; sourceTree = "<group>"; };
		197292141CBD5B6800CD5A48 /* BluetoothDeviceList.h */ = {isa = PBXFileReference; fileEncoding = 4; lastKnownFileType = sourcecode.c.h; path = BluetoothDeviceList.h; sourceTree = "<group>"; };
		197292151CBD5B6800CD5A48 /* BluetoothDeviceList.m */ = {isa = PBXFileReference; fileEncoding = 4; lastKnownFileType = sourcecode.c.objc; path = BluetoothDeviceList.m; sourceTree = "<group>"; };
		19811DF21CBEFC530037B65A /* MoovCommunication.h */ = {isa = PBXFileReference; fileEncoding = 4; lastKnownFileType = sourcecode.c.h; path = MoovCommunication.h; sourceTree = "<group>"; };
		19811DF31CBEFC530037B65A /* MoovCommunication.m */ = {isa = PBXFileReference; fileEncoding = 4; lastKnownFileType = sourcecode.c.objc; path = MoovCommunication.m; sourceTree = "<group>"; };
		19811DF51CBEFC800037B65A /* HeartRateSensorCommunication.h */ = {isa = PBXFileReference; fileEncoding = 4; lastKnownFileType = sourcecode.c.h; path = HeartRateSensorCommunication.h; sourceTree = "<group>"; };
		19811DF61CBEFC800037B65A /* HeartRateensorCommunication.m */ = {isa = PBXFileReference; fileEncoding = 4; lastKnownFileType = sourcecode.c.objc; path = HeartRateensorCommunication.m; sourceTree = "<group>"; };
		19811DF81CBEFC970037B65A /* AdeptStickCommunication.h */ = {isa = PBXFileReference; fileEncoding = 4; lastKnownFileType = sourcecode.c.h; path = AdeptStickCommunication.h; sourceTree = "<group>"; };
		19811DF91CBEFC970037B65A /* AdeptStickCommunication.m */ = {isa = PBXFileReference; fileEncoding = 4; lastKnownFileType = sourcecode.c.objc; path = AdeptStickCommunication.m; sourceTree = "<group>"; };
		1998A5F21CAC654E00DA95C1 /* HealthKitIntegration.h */ = {isa = PBXFileReference; fileEncoding = 4; lastKnownFileType = sourcecode.c.h; path = HealthKitIntegration.h; sourceTree = "<group>"; };
		1998A5F31CAC654E00DA95C1 /* HealthKitIntegration.m */ = {isa = PBXFileReference; fileEncoding = 4; lastKnownFileType = sourcecode.c.objc; path = HealthKitIntegration.m; sourceTree = "<group>"; };
		1998A5F61CAC802D00DA95C1 /* RDDateTime.h */ = {isa = PBXFileReference; fileEncoding = 4; lastKnownFileType = sourcecode.c.h; path = RDDateTime.h; sourceTree = "<group>"; };
		1998A5F71CAC802D00DA95C1 /* RDDateTime.m */ = {isa = PBXFileReference; fileEncoding = 4; lastKnownFileType = sourcecode.c.objc; path = RDDateTime.m; sourceTree = "<group>"; };
		199E0C131CB912C00094B384 /* DailyTarget.h */ = {isa = PBXFileReference; fileEncoding = 4; lastKnownFileType = sourcecode.c.h; path = DailyTarget.h; sourceTree = "<group>"; };
		199E0C141CB912C00094B384 /* DailyTarget.m */ = {isa = PBXFileReference; fileEncoding = 4; lastKnownFileType = sourcecode.c.objc; path = DailyTarget.m; sourceTree = "<group>"; };
		199E0C181CB9B5630094B384 /* DeviceConnectionStateTableViewCell.h */ = {isa = PBXFileReference; fileEncoding = 4; lastKnownFileType = sourcecode.c.h; path = DeviceConnectionStateTableViewCell.h; sourceTree = "<group>"; };
		199E0C191CB9B5630094B384 /* DeviceConnectionStateTableViewCell.m */ = {isa = PBXFileReference; fileEncoding = 4; lastKnownFileType = sourcecode.c.objc; path = DeviceConnectionStateTableViewCell.m; sourceTree = "<group>"; };
		199E0C1F1CB9CE040094B384 /* TAOCommunication.h */ = {isa = PBXFileReference; fileEncoding = 4; lastKnownFileType = sourcecode.c.h; path = TAOCommunication.h; sourceTree = "<group>"; };
		199E0C201CB9CE040094B384 /* TAOCommunication.m */ = {isa = PBXFileReference; fileEncoding = 4; lastKnownFileType = sourcecode.c.objc; path = TAOCommunication.m; sourceTree = "<group>"; };
		199E0C221CBA5AAF0094B384 /* RDBluetoothLowEnergyDelegate.h */ = {isa = PBXFileReference; lastKnownFileType = sourcecode.c.h; path = RDBluetoothLowEnergyDelegate.h; sourceTree = "<group>"; };
		199F44671CBC340200D26FDB /* BluetoothDevice.h */ = {isa = PBXFileReference; fileEncoding = 4; lastKnownFileType = sourcecode.c.h; path = BluetoothDevice.h; sourceTree = "<group>"; };
		199F44681CBC340200D26FDB /* BluetoothDevice.m */ = {isa = PBXFileReference; fileEncoding = 4; lastKnownFileType = sourcecode.c.objc; path = BluetoothDevice.m; sourceTree = "<group>"; };
		19C225361CB6B0E40017D5A7 /* ResearchKit.xcodeproj */ = {isa = PBXFileReference; lastKnownFileType = "wrapper.pb-project"; name = ResearchKit.xcodeproj; path = Adept_iOS/ResearchKit/ResearchKit.xcodeproj; sourceTree = "<group>"; };
		19C225501CB6B6C50017D5A7 /* HKHealthStore+AAPLExtensions.h */ = {isa = PBXFileReference; fileEncoding = 4; lastKnownFileType = sourcecode.c.h; path = "HKHealthStore+AAPLExtensions.h"; sourceTree = "<group>"; };
		19C225511CB6B6C50017D5A7 /* HKHealthStore+AAPLExtensions.m */ = {isa = PBXFileReference; fileEncoding = 4; lastKnownFileType = sourcecode.c.objc; path = "HKHealthStore+AAPLExtensions.m"; sourceTree = "<group>"; };
		19C225551CB714FC0017D5A7 /* syncing.png */ = {isa = PBXFileReference; lastKnownFileType = image.png; path = syncing.png; sourceTree = "<group>"; };
		19C225571CB7150A0017D5A7 /* syncing@2x.png */ = {isa = PBXFileReference; lastKnownFileType = image.png; path = "syncing@2x.png"; sourceTree = "<group>"; };
		19C225591CB715180017D5A7 /* syncing@3x.png */ = {isa = PBXFileReference; lastKnownFileType = image.png; path = "syncing@3x.png"; sourceTree = "<group>"; };
		19C2257B1CB71EFE0017D5A7 /* Connections.png */ = {isa = PBXFileReference; lastKnownFileType = image.png; name = Connections.png; path = TabBarIcons/Connections.png; sourceTree = "<group>"; };
		19C2257C1CB71EFE0017D5A7 /* Connections@2x.png */ = {isa = PBXFileReference; lastKnownFileType = image.png; name = "Connections@2x.png"; path = "TabBarIcons/Connections@2x.png"; sourceTree = "<group>"; };
		19C2257D1CB71EFE0017D5A7 /* Connections@3x.png */ = {isa = PBXFileReference; lastKnownFileType = image.png; name = "Connections@3x.png"; path = "TabBarIcons/Connections@3x.png"; sourceTree = "<group>"; };
		19C2257E1CB71EFE0017D5A7 /* Exercise.png */ = {isa = PBXFileReference; lastKnownFileType = image.png; name = Exercise.png; path = TabBarIcons/Exercise.png; sourceTree = "<group>"; };
		19C2257F1CB71EFE0017D5A7 /* Exercise@2x.png */ = {isa = PBXFileReference; lastKnownFileType = image.png; name = "Exercise@2x.png"; path = "TabBarIcons/Exercise@2x.png"; sourceTree = "<group>"; };
		19C225801CB71EFE0017D5A7 /* Exercise@3x.png */ = {isa = PBXFileReference; lastKnownFileType = image.png; name = "Exercise@3x.png"; path = "TabBarIcons/Exercise@3x.png"; sourceTree = "<group>"; };
		19C225811CB71EFE0017D5A7 /* Profile.png */ = {isa = PBXFileReference; lastKnownFileType = image.png; name = Profile.png; path = TabBarIcons/Profile.png; sourceTree = "<group>"; };
		19C225821CB71EFE0017D5A7 /* Profile@2x.png */ = {isa = PBXFileReference; lastKnownFileType = image.png; name = "Profile@2x.png"; path = "TabBarIcons/Profile@2x.png"; sourceTree = "<group>"; };
		19C225831CB71EFE0017D5A7 /* Profile@3x.png */ = {isa = PBXFileReference; lastKnownFileType = image.png; name = "Profile@3x.png"; path = "TabBarIcons/Profile@3x.png"; sourceTree = "<group>"; };
		19C225841CB71EFE0017D5A7 /* Settings.png */ = {isa = PBXFileReference; lastKnownFileType = image.png; name = Settings.png; path = TabBarIcons/Settings.png; sourceTree = "<group>"; };
		19C225851CB71EFE0017D5A7 /* Settings@2x.png */ = {isa = PBXFileReference; lastKnownFileType = image.png; name = "Settings@2x.png"; path = "TabBarIcons/Settings@2x.png"; sourceTree = "<group>"; };
		19C225861CB71EFE0017D5A7 /* Settings@3x.png */ = {isa = PBXFileReference; lastKnownFileType = image.png; name = "Settings@3x.png"; path = "TabBarIcons/Settings@3x.png"; sourceTree = "<group>"; };
		19C225871CB71EFE0017D5A7 /* Statistics.png */ = {isa = PBXFileReference; lastKnownFileType = image.png; name = Statistics.png; path = TabBarIcons/Statistics.png; sourceTree = "<group>"; };
		19C225881CB71EFE0017D5A7 /* Statistics@2x.png */ = {isa = PBXFileReference; lastKnownFileType = image.png; name = "Statistics@2x.png"; path = "TabBarIcons/Statistics@2x.png"; sourceTree = "<group>"; };
		19C225891CB71EFE0017D5A7 /* Statistics@3x.png */ = {isa = PBXFileReference; lastKnownFileType = image.png; name = "Statistics@3x.png"; path = "TabBarIcons/Statistics@3x.png"; sourceTree = "<group>"; };
		19C225991CB720210017D5A7 /* circle.png */ = {isa = PBXFileReference; lastKnownFileType = image.png; path = circle.png; sourceTree = "<group>"; };
		19C2259B1CB720260017D5A7 /* circle@2x.png */ = {isa = PBXFileReference; lastKnownFileType = image.png; path = "circle@2x.png"; sourceTree = "<group>"; };
		19C2259D1CB7207E0017D5A7 /* circle-48.png */ = {isa = PBXFileReference; lastKnownFileType = image.png; path = "circle-48.png"; sourceTree = "<group>"; };
		19DA718A1CAAF1020078DC65 /* TrainingSelectTableViewController.h */ = {isa = PBXFileReference; fileEncoding = 4; lastKnownFileType = sourcecode.c.h; path = TrainingSelectTableViewController.h; sourceTree = "<group>"; };
		19DA718B1CAAF1020078DC65 /* TrainingSelectTableViewController.m */ = {isa = PBXFileReference; fileEncoding = 4; lastKnownFileType = sourcecode.c.objc; path = TrainingSelectTableViewController.m; sourceTree = "<group>"; };
		19DA718D1CAAF11A0078DC65 /* ExerciseExecutionViewController.h */ = {isa = PBXFileReference; fileEncoding = 4; lastKnownFileType = sourcecode.c.h; path = ExerciseExecutionViewController.h; sourceTree = "<group>"; };
		19DA718E1CAAF11A0078DC65 /* ExerciseExecutionViewController.m */ = {isa = PBXFileReference; fileEncoding = 4; lastKnownFileType = sourcecode.c.objc; path = ExerciseExecutionViewController.m; sourceTree = "<group>"; };
		19DA71901CAAF5DA0078DC65 /* ExerciseStaticLine.h */ = {isa = PBXFileReference; fileEncoding = 4; lastKnownFileType = sourcecode.c.h; path = ExerciseStaticLine.h; sourceTree = "<group>"; };
		19DA71911CAAF5DA0078DC65 /* ExerciseStaticLine.m */ = {isa = PBXFileReference; fileEncoding = 4; lastKnownFileType = sourcecode.c.objc; path = ExerciseStaticLine.m; sourceTree = "<group>"; };
		19DA71961CAB09310078DC65 /* ExerciseDynamicLine.h */ = {isa = PBXFileReference; fileEncoding = 4; lastKnownFileType = sourcecode.c.h; path = ExerciseDynamicLine.h; sourceTree = "<group>"; };
		19DA71971CAB09310078DC65 /* ExerciseDynamicLine.m */ = {isa = PBXFileReference; fileEncoding = 4; lastKnownFileType = sourcecode.c.objc; path = ExerciseDynamicLine.m; sourceTree = "<group>"; };
		19DA71991CAB0DF30078DC65 /* calories.png */ = {isa = PBXFileReference; lastKnownFileType = image.png; path = calories.png; sourceTree = "<group>"; };
		19DA719B1CAB0DF90078DC65 /* heartrate.png */ = {isa = PBXFileReference; lastKnownFileType = image.png; path = heartrate.png; sourceTree = "<group>"; };
		19DA719D1CAB11C40078DC65 /* mxerciseImage1axresdefault.jpg */ = {isa = PBXFileReference; lastKnownFileType = image.jpeg; path = mxerciseImage1axresdefault.jpg; sourceTree = "<group>"; };
		19DA71A71CAC2BD90078DC65 /* HealthKit.framework */ = {isa = PBXFileReference; lastKnownFileType = wrapper.framework; name = HealthKit.framework; path = System/Library/Frameworks/HealthKit.framework; sourceTree = SDKROOT; };
		19DA71A91CAC2BD90078DC65 /* Adept_iOS.entitlements */ = {isa = PBXFileReference; lastKnownFileType = text.xml; path = Adept_iOS.entitlements; sourceTree = "<group>"; };
		19FDF03A1CA9950F00FBE133 /* Adept_iOS.app */ = {isa = PBXFileReference; explicitFileType = wrapper.application; includeInIndex = 0; path = Adept_iOS.app; sourceTree = BUILT_PRODUCTS_DIR; };
		19FDF03E1CA9950F00FBE133 /* main.m */ = {isa = PBXFileReference; lastKnownFileType = sourcecode.c.objc; path = main.m; sourceTree = "<group>"; };
		19FDF0401CA9950F00FBE133 /* AppDelegate.h */ = {isa = PBXFileReference; lastKnownFileType = sourcecode.c.h; path = AppDelegate.h; sourceTree = "<group>"; };
		19FDF0411CA9950F00FBE133 /* AppDelegate.m */ = {isa = PBXFileReference; lastKnownFileType = sourcecode.c.objc; path = AppDelegate.m; sourceTree = "<group>"; };
		19FDF04A1CA9950F00FBE133 /* Base */ = {isa = PBXFileReference; lastKnownFileType = file.storyboard; name = Base; path = Base.lproj/Main.storyboard; sourceTree = "<group>"; };
		19FDF04C1CA9950F00FBE133 /* Assets.xcassets */ = {isa = PBXFileReference; lastKnownFileType = folder.assetcatalog; path = Assets.xcassets; sourceTree = "<group>"; };
		19FDF04F1CA9950F00FBE133 /* Base */ = {isa = PBXFileReference; lastKnownFileType = file.storyboard; name = Base; path = Base.lproj/LaunchScreen.storyboard; sourceTree = "<group>"; };
		19FDF0511CA9950F00FBE133 /* Info.plist */ = {isa = PBXFileReference; lastKnownFileType = text.plist.xml; path = Info.plist; sourceTree = "<group>"; };
		19FDF0571CA996A200FBE133 /* HomeViewController.h */ = {isa = PBXFileReference; fileEncoding = 4; lastKnownFileType = sourcecode.c.h; path = HomeViewController.h; sourceTree = "<group>"; };
		19FDF0581CA996A200FBE133 /* HomeViewController.m */ = {isa = PBXFileReference; fileEncoding = 4; lastKnownFileType = sourcecode.c.objc; path = HomeViewController.m; sourceTree = "<group>"; };
		19FDF05A1CA996BA00FBE133 /* PeripheralsTableViewController.h */ = {isa = PBXFileReference; fileEncoding = 4; lastKnownFileType = sourcecode.c.h; path = PeripheralsTableViewController.h; sourceTree = "<group>"; };
		19FDF05B1CA996BA00FBE133 /* PeripheralsTableViewController.m */ = {isa = PBXFileReference; fileEncoding = 4; lastKnownFileType = sourcecode.c.objc; path = PeripheralsTableViewController.m; sourceTree = "<group>"; };
		19FDF05D1CA996E200FBE133 /* ExerciseViewController.h */ = {isa = PBXFileReference; fileEncoding = 4; lastKnownFileType = sourcecode.c.h; path = ExerciseViewController.h; sourceTree = "<group>"; };
		19FDF05E1CA996E200FBE133 /* ExerciseViewController.m */ = {isa = PBXFileReference; fileEncoding = 4; lastKnownFileType = sourcecode.c.objc; path = ExerciseViewController.m; sourceTree = "<group>"; };
		19FDF0601CA9970F00FBE133 /* PerformanceViewController.h */ = {isa = PBXFileReference; fileEncoding = 4; lastKnownFileType = sourcecode.c.h; path = PerformanceViewController.h; sourceTree = "<group>"; };
		19FDF0611CA9970F00FBE133 /* PerformanceViewController.m */ = {isa = PBXFileReference; fileEncoding = 4; lastKnownFileType = sourcecode.c.objc; path = PerformanceViewController.m; sourceTree = "<group>"; };
		19FDF0631CA9972400FBE133 /* SettingsTableViewController.h */ = {isa = PBXFileReference; fileEncoding = 4; lastKnownFileType = sourcecode.c.h; path = SettingsTableViewController.h; sourceTree = "<group>"; };
		19FDF0641CA9972400FBE133 /* SettingsTableViewController.m */ = {isa = PBXFileReference; fileEncoding = 4; lastKnownFileType = sourcecode.c.objc; path = SettingsTableViewController.m; sourceTree = "<group>"; };
		19FDF06B1CAA7DC400FBE133 /* TAO-picture.png */ = {isa = PBXFileReference; lastKnownFileType = image.png; path = "TAO-picture.png"; sourceTree = "<group>"; };
		D33448581CC836A100DAF4A4 /* UserDataSingleton.h */ = {isa = PBXFileReference; fileEncoding = 4; lastKnownFileType = sourcecode.c.h; path = UserDataSingleton.h; sourceTree = "<group>"; };
		D33448591CC836A100DAF4A4 /* UserDataSingleton.m */ = {isa = PBXFileReference; fileEncoding = 4; lastKnownFileType = sourcecode.c.objc; path = UserDataSingleton.m; sourceTree = "<group>"; };
		D334485B1CC83BD300DAF4A4 /* UserDataCaloriesSingleton.h */ = {isa = PBXFileReference; fileEncoding = 4; lastKnownFileType = sourcecode.c.h; path = UserDataCaloriesSingleton.h; sourceTree = "<group>"; };
		D334485C1CC83BD300DAF4A4 /* UserDataCaloriesSingleton.m */ = {isa = PBXFileReference; fileEncoding = 4; lastKnownFileType = sourcecode.c.objc; path = UserDataCaloriesSingleton.m; sourceTree = "<group>"; };
		D334485E1CC86A5C00DAF4A4 /* RDWeb.h */ = {isa = PBXFileReference; fileEncoding = 4; lastKnownFileType = sourcecode.c.h; path = RDWeb.h; sourceTree = "<group>"; };
		D334485F1CC86A5C00DAF4A4 /* RDWeb.m */ = {isa = PBXFileReference; fileEncoding = 4; lastKnownFileType = sourcecode.c.objc; path = RDWeb.m; sourceTree = "<group>"; };
		D33448611CC8761300DAF4A4 /* RDWebGet.h */ = {isa = PBXFileReference; fileEncoding = 4; lastKnownFileType = sourcecode.c.h; path = RDWebGet.h; sourceTree = "<group>"; };
		D33448621CC8761300DAF4A4 /* RDWebGet.m */ = {isa = PBXFileReference; fileEncoding = 4; lastKnownFileType = sourcecode.c.objc; path = RDWebGet.m; sourceTree = "<group>"; };
		D33448641CC88A6A00DAF4A4 /* RDBarcodeScanner.h */ = {isa = PBXFileReference; fileEncoding = 4; lastKnownFileType = sourcecode.c.h; path = RDBarcodeScanner.h; sourceTree = "<group>"; };
		D33448651CC88A6A00DAF4A4 /* RDBarcodeScanner.m */ = {isa = PBXFileReference; fileEncoding = 4; lastKnownFileType = sourcecode.c.objc; path = RDBarcodeScanner.m; sourceTree = "<group>"; };
		D33448671CC88B7000DAF4A4 /* UIKit.framework */ = {isa = PBXFileReference; lastKnownFileType = wrapper.framework; name = UIKit.framework; path = System/Library/Frameworks/UIKit.framework; sourceTree = SDKROOT; };
		D3A13F9F1CC3EEBF009CC8C2 /* RDReachability.h */ = {isa = PBXFileReference; fileEncoding = 4; lastKnownFileType = sourcecode.c.h; path = RDReachability.h; sourceTree = "<group>"; };
		D3A13FA01CC3EEBF009CC8C2 /* RDReachability.m */ = {isa = PBXFileReference; fileEncoding = 4; lastKnownFileType = sourcecode.c.objc; path = RDReachability.m; sourceTree = "<group>"; };
		D3B714511CC2481D00C08DD8 /* RDWebPost.h */ = {isa = PBXFileReference; fileEncoding = 4; lastKnownFileType = sourcecode.c.h; path = RDWebPost.h; sourceTree = "<group>"; };
		D3B714521CC2481D00C08DD8 /* RDWebPost.m */ = {isa = PBXFileReference; fileEncoding = 4; lastKnownFileType = sourcecode.c.objc; path = RDWebPost.m; sourceTree = "<group>"; };
/* End PBXFileReference section */

/* Begin PBXFrameworksBuildPhase section */
		19FDF0371CA9950F00FBE133 /* Frameworks */ = {
			isa = PBXFrameworksBuildPhase;
			buildActionMask = 2147483647;
			files = (
				D33448681CC88B7000DAF4A4 /* UIKit.framework in Frameworks */,
				19C2254A1CB6B3BA0017D5A7 /* ResearchKit.framework in Frameworks */,
				19DA71A81CAC2BD90078DC65 /* HealthKit.framework in Frameworks */,
			);
			runOnlyForDeploymentPostprocessing = 0;
		};
/* End PBXFrameworksBuildPhase section */

/* Begin PBXGroup section */
		1998A5F51CAC656100DA95C1 /* HealthKit */ = {
			isa = PBXGroup;
			children = (
				1998A5F21CAC654E00DA95C1 /* HealthKitIntegration.h */,
				1998A5F31CAC654E00DA95C1 /* HealthKitIntegration.m */,
				19C225501CB6B6C50017D5A7 /* HKHealthStore+AAPLExtensions.h */,
				19C225511CB6B6C50017D5A7 /* HKHealthStore+AAPLExtensions.m */,
				199E0C131CB912C00094B384 /* DailyTarget.h */,
				199E0C141CB912C00094B384 /* DailyTarget.m */,
			);
			name = HealthKit;
			sourceTree = "<group>";
		};
		1998A5F91CAC804A00DA95C1 /* RapidDevelopment */ = {
			isa = PBXGroup;
			children = (
				1998A5F61CAC802D00DA95C1 /* RDDateTime.h */,
				1998A5F71CAC802D00DA95C1 /* RDDateTime.m */,
				199E0C221CBA5AAF0094B384 /* RDBluetoothLowEnergyDelegate.h */,
				10F070B71CB9CC620051A053 /* RDBluetoothLowEnergy.h */,
				10F070B81CB9CC620051A053 /* RDBluetoothLowEnergy.m */,
				D334485E1CC86A5C00DAF4A4 /* RDWeb.h */,
				D334485F1CC86A5C00DAF4A4 /* RDWeb.m */,
				D33448611CC8761300DAF4A4 /* RDWebGet.h */,
				D33448621CC8761300DAF4A4 /* RDWebGet.m */,
				D3B714511CC2481D00C08DD8 /* RDWebPost.h */,
				D3B714521CC2481D00C08DD8 /* RDWebPost.m */,
				D3A13F9F1CC3EEBF009CC8C2 /* RDReachability.h */,
				D3A13FA01CC3EEBF009CC8C2 /* RDReachability.m */,
				D33448641CC88A6A00DAF4A4 /* RDBarcodeScanner.h */,
				D33448651CC88A6A00DAF4A4 /* RDBarcodeScanner.m */,
			);
			name = RapidDevelopment;
			sourceTree = "<group>";
		};
		199E0C1C1CB9CDA70094B384 /* Bluetooth */ = {
			isa = PBXGroup;
			children = (
				199F44671CBC340200D26FDB /* BluetoothDevice.h */,
				199F44681CBC340200D26FDB /* BluetoothDevice.m */,
				197292141CBD5B6800CD5A48 /* BluetoothDeviceList.h */,
				197292151CBD5B6800CD5A48 /* BluetoothDeviceList.m */,
				199E0C1F1CB9CE040094B384 /* TAOCommunication.h */,
				199E0C201CB9CE040094B384 /* TAOCommunication.m */,
				19811DF21CBEFC530037B65A /* MoovCommunication.h */,
				19811DF31CBEFC530037B65A /* MoovCommunication.m */,
				19811DF51CBEFC800037B65A /* HeartRateSensorCommunication.h */,
				19811DF61CBEFC800037B65A /* HeartRateensorCommunication.m */,
				19811DF81CBEFC970037B65A /* AdeptStickCommunication.h */,
				19811DF91CBEFC970037B65A /* AdeptStickCommunication.m */,
			);
			name = Bluetooth;
			sourceTree = "<group>";
		};
		19C225401CB6B1090017D5A7 /* Products */ = {
			isa = PBXGroup;
			children = (
				19C225461CB6B1090017D5A7 /* ResearchKit.framework */,
				19C225481CB6B1090017D5A7 /* ResearchKitTests.xctest */,
			);
			name = Products;
			sourceTree = "<group>";
		};
		19DA71931CAAF5DF0078DC65 /* ViewControllers */ = {
			isa = PBXGroup;
			children = (
				19FDF0571CA996A200FBE133 /* HomeViewController.h */,
				19FDF0581CA996A200FBE133 /* HomeViewController.m */,
				19FDF05A1CA996BA00FBE133 /* PeripheralsTableViewController.h */,
				19FDF05B1CA996BA00FBE133 /* PeripheralsTableViewController.m */,
				19FDF05D1CA996E200FBE133 /* ExerciseViewController.h */,
				19FDF05E1CA996E200FBE133 /* ExerciseViewController.m */,
				19DA718A1CAAF1020078DC65 /* TrainingSelectTableViewController.h */,
				19DA718B1CAAF1020078DC65 /* TrainingSelectTableViewController.m */,
				19DA718D1CAAF11A0078DC65 /* ExerciseExecutionViewController.h */,
				19DA718E1CAAF11A0078DC65 /* ExerciseExecutionViewController.m */,
				1934BCCA1CC25C3600475745 /* HeartRateExerciseViewController.h */,
				1934BCCB1CC25C3600475745 /* HeartRateExerciseViewController.m */,
				19FDF0601CA9970F00FBE133 /* PerformanceViewController.h */,
				19FDF0611CA9970F00FBE133 /* PerformanceViewController.m */,
				19FDF0631CA9972400FBE133 /* SettingsTableViewController.h */,
				19FDF0641CA9972400FBE133 /* SettingsTableViewController.m */,
				1971357A1CC96A470078F31B /* AddFoodViewController.h */,
				1971357B1CC96A470078F31B /* AddFoodViewController.m */,
			);
			name = ViewControllers;
			sourceTree = "<group>";
		};
		19DA71941CAAF6120078DC65 /* Views */ = {
			isa = PBXGroup;
			children = (
				10E903B31CA9A017000904DB /* CircleView.h */,
				10E903B41CA9A017000904DB /* CircleView.m */,
				19DA71961CAB09310078DC65 /* ExerciseDynamicLine.h */,
				19DA71971CAB09310078DC65 /* ExerciseDynamicLine.m */,
				19DA71901CAAF5DA0078DC65 /* ExerciseStaticLine.h */,
				19DA71911CAAF5DA0078DC65 /* ExerciseStaticLine.m */,
				199E0C181CB9B5630094B384 /* DeviceConnectionStateTableViewCell.h */,
				199E0C191CB9B5630094B384 /* DeviceConnectionStateTableViewCell.m */,
				194DB9F11CC69CBC00546EEB /* PickerTableCell.h */,
				194DB9F21CC69CBC00546EEB /* PickerTableCell.m */,
			);
			name = Views;
			sourceTree = "<group>";
		};
		19DA71951CAAF63C0078DC65 /* Resources */ = {
			isa = PBXGroup;
			children = (
				1945CC421CBD80BA004505F6 /* AppleWatchTraining.png */,
				1945CC431CBD80BA004505F6 /* HeartRateTraining.png */,
				1945CC441CBD80BA004505F6 /* MoovTraining.png */,
				1945CC451CBD80BA004505F6 /* TaoTraining.png */,
				19C2257B1CB71EFE0017D5A7 /* Connections.png */,
				19C2257C1CB71EFE0017D5A7 /* Connections@2x.png */,
				19C2257D1CB71EFE0017D5A7 /* Connections@3x.png */,
				19C2257E1CB71EFE0017D5A7 /* Exercise.png */,
				19C2257F1CB71EFE0017D5A7 /* Exercise@2x.png */,
				19C225801CB71EFE0017D5A7 /* Exercise@3x.png */,
				19C225811CB71EFE0017D5A7 /* Profile.png */,
				19C225821CB71EFE0017D5A7 /* Profile@2x.png */,
				19C225831CB71EFE0017D5A7 /* Profile@3x.png */,
				19C225841CB71EFE0017D5A7 /* Settings.png */,
				19C225851CB71EFE0017D5A7 /* Settings@2x.png */,
				19C225861CB71EFE0017D5A7 /* Settings@3x.png */,
				19C225871CB71EFE0017D5A7 /* Statistics.png */,
				19C225881CB71EFE0017D5A7 /* Statistics@2x.png */,
				19C225891CB71EFE0017D5A7 /* Statistics@3x.png */,
				19C225551CB714FC0017D5A7 /* syncing.png */,
				19C225571CB7150A0017D5A7 /* syncing@2x.png */,
				19C225591CB715180017D5A7 /* syncing@3x.png */,
				19FDF06B1CAA7DC400FBE133 /* TAO-picture.png */,
				19DA719B1CAB0DF90078DC65 /* heartrate.png */,
				19DA71991CAB0DF30078DC65 /* calories.png */,
				19DA719D1CAB11C40078DC65 /* mxerciseImage1axresdefault.jpg */,
				19C225991CB720210017D5A7 /* circle.png */,
				19C2259D1CB7207E0017D5A7 /* circle-48.png */,
				19C2259B1CB720260017D5A7 /* circle@2x.png */,
			);
			name = Resources;
			sourceTree = "<group>";
		};
		19FDF0311CA9950F00FBE133 = {
			isa = PBXGroup;
			children = (
				D33448671CC88B7000DAF4A4 /* UIKit.framework */,
				19C225361CB6B0E40017D5A7 /* ResearchKit.xcodeproj */,
				19DA71A71CAC2BD90078DC65 /* HealthKit.framework */,
				19FDF03C1CA9950F00FBE133 /* Adept_iOS */,
				19FDF03B1CA9950F00FBE133 /* Products */,
			);
			sourceTree = "<group>";
		};
		19FDF03B1CA9950F00FBE133 /* Products */ = {
			isa = PBXGroup;
			children = (
				19FDF03A1CA9950F00FBE133 /* Adept_iOS.app */,
			);
			name = Products;
			sourceTree = "<group>";
		};
		19FDF03C1CA9950F00FBE133 /* Adept_iOS */ = {
			isa = PBXGroup;
			children = (
				19DA71A91CAC2BD90078DC65 /* Adept_iOS.entitlements */,
				19FDF0401CA9950F00FBE133 /* AppDelegate.h */,
				19FDF0411CA9950F00FBE133 /* AppDelegate.m */,
				19DA71951CAAF63C0078DC65 /* Resources */,
				1998A5F91CAC804A00DA95C1 /* RapidDevelopment */,
				199E0C1C1CB9CDA70094B384 /* Bluetooth */,
				1998A5F51CAC656100DA95C1 /* HealthKit */,
				19DA71941CAAF6120078DC65 /* Views */,
				D33448571CC8366700DAF4A4 /* Model */,
				19DA71931CAAF5DF0078DC65 /* ViewControllers */,
				19FDF0491CA9950F00FBE133 /* Main.storyboard */,
				19FDF04C1CA9950F00FBE133 /* Assets.xcassets */,
				19FDF04E1CA9950F00FBE133 /* LaunchScreen.storyboard */,
				19FDF0511CA9950F00FBE133 /* Info.plist */,
				19FDF03D1CA9950F00FBE133 /* Supporting Files */,
			);
			path = Adept_iOS;
			sourceTree = "<group>";
		};
		19FDF03D1CA9950F00FBE133 /* Supporting Files */ = {
			isa = PBXGroup;
			children = (
				19FDF03E1CA9950F00FBE133 /* main.m */,
			);
			name = "Supporting Files";
			sourceTree = "<group>";
		};
		D33448571CC8366700DAF4A4 /* Model */ = {
			isa = PBXGroup;
			children = (
				D33448581CC836A100DAF4A4 /* UserDataSingleton.h */,
				D33448591CC836A100DAF4A4 /* UserDataSingleton.m */,
				D334485B1CC83BD300DAF4A4 /* UserDataCaloriesSingleton.h */,
				D334485C1CC83BD300DAF4A4 /* UserDataCaloriesSingleton.m */,
			);
			name = Model;
			sourceTree = "<group>";
		};
/* End PBXGroup section */

/* Begin PBXNativeTarget section */
		19FDF0391CA9950F00FBE133 /* Adept_iOS */ = {
			isa = PBXNativeTarget;
			buildConfigurationList = 19FDF0541CA9950F00FBE133 /* Build configuration list for PBXNativeTarget "Adept_iOS" */;
			buildPhases = (
				19FDF0361CA9950F00FBE133 /* Sources */,
				19FDF0371CA9950F00FBE133 /* Frameworks */,
				19FDF0381CA9950F00FBE133 /* Resources */,
				19C2254E1CB6B3BA0017D5A7 /* Embed Frameworks */,
			);
			buildRules = (
			);
			dependencies = (
				19C2254D1CB6B3BA0017D5A7 /* PBXTargetDependency */,
			);
			name = Adept_iOS;
			productName = Adept_iOS;
			productReference = 19FDF03A1CA9950F00FBE133 /* Adept_iOS.app */;
			productType = "com.apple.product-type.application";
		};
/* End PBXNativeTarget section */

/* Begin PBXProject section */
		19FDF0321CA9950F00FBE133 /* Project object */ = {
			isa = PBXProject;
			attributes = {
				LastUpgradeCheck = 0730;
				ORGANIZATIONNAME = "Martin Kuvandzhiev";
				TargetAttributes = {
					19FDF0391CA9950F00FBE133 = {
						CreatedOnToolsVersion = 7.3;
						DevelopmentTeam = P6Y2W9RQ54;
						SystemCapabilities = {
							com.apple.HealthKit = {
								enabled = 1;
							};
						};
					};
				};
			};
			buildConfigurationList = 19FDF0351CA9950F00FBE133 /* Build configuration list for PBXProject "Adept_iOS" */;
			compatibilityVersion = "Xcode 3.2";
			developmentRegion = English;
			hasScannedForEncodings = 0;
			knownRegions = (
				en,
				Base,
			);
			mainGroup = 19FDF0311CA9950F00FBE133;
			productRefGroup = 19FDF03B1CA9950F00FBE133 /* Products */;
			projectDirPath = "";
			projectReferences = (
				{
					ProductGroup = 19C225401CB6B1090017D5A7 /* Products */;
					ProjectRef = 19C225361CB6B0E40017D5A7 /* ResearchKit.xcodeproj */;
				},
			);
			projectRoot = "";
			targets = (
				19FDF0391CA9950F00FBE133 /* Adept_iOS */,
			);
		};
/* End PBXProject section */

/* Begin PBXReferenceProxy section */
		19C225461CB6B1090017D5A7 /* ResearchKit.framework */ = {
			isa = PBXReferenceProxy;
			fileType = wrapper.framework;
			path = ResearchKit.framework;
			remoteRef = 19C225451CB6B1090017D5A7 /* PBXContainerItemProxy */;
			sourceTree = BUILT_PRODUCTS_DIR;
		};
		19C225481CB6B1090017D5A7 /* ResearchKitTests.xctest */ = {
			isa = PBXReferenceProxy;
			fileType = wrapper.cfbundle;
			path = ResearchKitTests.xctest;
			remoteRef = 19C225471CB6B1090017D5A7 /* PBXContainerItemProxy */;
			sourceTree = BUILT_PRODUCTS_DIR;
		};
/* End PBXReferenceProxy section */

/* Begin PBXResourcesBuildPhase section */
		19FDF0381CA9950F00FBE133 /* Resources */ = {
			isa = PBXResourcesBuildPhase;
			buildActionMask = 2147483647;
			files = (
				1945CC471CBD80BA004505F6 /* HeartRateTraining.png in Resources */,
				19C225931CB71EFE0017D5A7 /* Settings.png in Resources */,
				1945CC491CBD80BA004505F6 /* TaoTraining.png in Resources */,
				19C225971CB71EFE0017D5A7 /* Statistics@2x.png in Resources */,
				19C225911CB71EFE0017D5A7 /* Profile@2x.png in Resources */,
				19C2258C1CB71EFE0017D5A7 /* Connections@3x.png in Resources */,
				19C2259A1CB720210017D5A7 /* circle.png in Resources */,
				19FDF0501CA9950F00FBE133 /* LaunchScreen.storyboard in Resources */,
				19C225561CB714FC0017D5A7 /* syncing.png in Resources */,
				19FDF04D1CA9950F00FBE133 /* Assets.xcassets in Resources */,
				19C225901CB71EFE0017D5A7 /* Profile.png in Resources */,
				19C2255A1CB715180017D5A7 /* syncing@3x.png in Resources */,
				19C225951CB71EFE0017D5A7 /* Settings@3x.png in Resources */,
				19C2259E1CB7207E0017D5A7 /* circle-48.png in Resources */,
				19C225981CB71EFE0017D5A7 /* Statistics@3x.png in Resources */,
				19C2258F1CB71EFE0017D5A7 /* Exercise@3x.png in Resources */,
				19FDF04B1CA9950F00FBE133 /* Main.storyboard in Resources */,
				1945CC481CBD80BA004505F6 /* MoovTraining.png in Resources */,
				19C225961CB71EFE0017D5A7 /* Statistics.png in Resources */,
				19C225941CB71EFE0017D5A7 /* Settings@2x.png in Resources */,
				19C2258A1CB71EFE0017D5A7 /* Connections.png in Resources */,
				1945CC461CBD80BA004505F6 /* AppleWatchTraining.png in Resources */,
				19DA719A1CAB0DF30078DC65 /* calories.png in Resources */,
				19DA719E1CAB11C40078DC65 /* mxerciseImage1axresdefault.jpg in Resources */,
				19C225581CB7150A0017D5A7 /* syncing@2x.png in Resources */,
				19FDF06C1CAA7DC400FBE133 /* TAO-picture.png in Resources */,
				19C225921CB71EFE0017D5A7 /* Profile@3x.png in Resources */,
				19C2258D1CB71EFE0017D5A7 /* Exercise.png in Resources */,
				19C2258E1CB71EFE0017D5A7 /* Exercise@2x.png in Resources */,
				19C2258B1CB71EFE0017D5A7 /* Connections@2x.png in Resources */,
				19C2259C1CB720260017D5A7 /* circle@2x.png in Resources */,
				19DA719C1CAB0DF90078DC65 /* heartrate.png in Resources */,
			);
			runOnlyForDeploymentPostprocessing = 0;
		};
/* End PBXResourcesBuildPhase section */

/* Begin PBXSourcesBuildPhase section */
		19FDF0361CA9950F00FBE133 /* Sources */ = {
			isa = PBXSourcesBuildPhase;
			buildActionMask = 2147483647;
			files = (
				D33448601CC86A5C00DAF4A4 /* RDWeb.m in Sources */,
				19811DF71CBEFC800037B65A /* HeartRateensorCommunication.m in Sources */,
				19FDF0651CA9972400FBE133 /* SettingsTableViewController.m in Sources */,
				19DA718F1CAAF11A0078DC65 /* ExerciseExecutionViewController.m in Sources */,
				199E0C1A1CB9B5630094B384 /* DeviceConnectionStateTableViewCell.m in Sources */,
				1934BCCC1CC25C3600475745 /* HeartRateExerciseViewController.m in Sources */,
				199F44691CBC340200D26FDB /* BluetoothDevice.m in Sources */,
				199E0C151CB912C00094B384 /* DailyTarget.m in Sources */,
				D33448661CC88A6A00DAF4A4 /* RDBarcodeScanner.m in Sources */,
				1998A5F81CAC802D00DA95C1 /* RDDateTime.m in Sources */,
				197292161CBD5B6800CD5A48 /* BluetoothDeviceList.m in Sources */,
				D3B714531CC2481D00C08DD8 /* RDWebPost.m in Sources */,
				19FDF0421CA9950F00FBE133 /* AppDelegate.m in Sources */,
				19FDF0621CA9970F00FBE133 /* PerformanceViewController.m in Sources */,
				1971357C1CC96A470078F31B /* AddFoodViewController.m in Sources */,
				19FDF03F1CA9950F00FBE133 /* main.m in Sources */,
				10E903B51CA9A017000904DB /* CircleView.m in Sources */,
				19FDF05F1CA996E200FBE133 /* ExerciseViewController.m in Sources */,
				10F070B91CB9CC620051A053 /* RDBluetoothLowEnergy.m in Sources */,
				19FDF05C1CA996BA00FBE133 /* PeripheralsTableViewController.m in Sources */,
				1998A5F41CAC654E00DA95C1 /* HealthKitIntegration.m in Sources */,
				D334485D1CC83BD300DAF4A4 /* UserDataCaloriesSingleton.m in Sources */,
				19811DF41CBEFC530037B65A /* MoovCommunication.m in Sources */,
				199E0C211CB9CE040094B384 /* TAOCommunication.m in Sources */,
				19C225521CB6B6C50017D5A7 /* HKHealthStore+AAPLExtensions.m in Sources */,
				19FDF0591CA996A200FBE133 /* HomeViewController.m in Sources */,
				194DB9F31CC69CBC00546EEB /* PickerTableCell.m in Sources */,
				D33448631CC8761300DAF4A4 /* RDWebGet.m in Sources */,
				19DA71981CAB09310078DC65 /* ExerciseDynamicLine.m in Sources */,
				19DA71921CAAF5DA0078DC65 /* ExerciseStaticLine.m in Sources */,
				19811DFA1CBEFC970037B65A /* AdeptStickCommunication.m in Sources */,
				D3A13FA11CC3EEBF009CC8C2 /* RDReachability.m in Sources */,
				D334485A1CC836A100DAF4A4 /* UserDataSingleton.m in Sources */,
				19DA718C1CAAF1020078DC65 /* TrainingSelectTableViewController.m in Sources */,
			);
			runOnlyForDeploymentPostprocessing = 0;
		};
/* End PBXSourcesBuildPhase section */

/* Begin PBXTargetDependency section */
		19C2254D1CB6B3BA0017D5A7 /* PBXTargetDependency */ = {
			isa = PBXTargetDependency;
			name = ResearchKit;
			targetProxy = 19C2254C1CB6B3BA0017D5A7 /* PBXContainerItemProxy */;
		};
/* End PBXTargetDependency section */

/* Begin PBXVariantGroup section */
		19FDF0491CA9950F00FBE133 /* Main.storyboard */ = {
			isa = PBXVariantGroup;
			children = (
				19FDF04A1CA9950F00FBE133 /* Base */,
			);
			name = Main.storyboard;
			sourceTree = "<group>";
		};
		19FDF04E1CA9950F00FBE133 /* LaunchScreen.storyboard */ = {
			isa = PBXVariantGroup;
			children = (
				19FDF04F1CA9950F00FBE133 /* Base */,
			);
			name = LaunchScreen.storyboard;
			sourceTree = "<group>";
		};
/* End PBXVariantGroup section */

/* Begin XCBuildConfiguration section */
		19FDF0521CA9950F00FBE133 /* Debug */ = {
			isa = XCBuildConfiguration;
			buildSettings = {
				ALWAYS_SEARCH_USER_PATHS = NO;
				CLANG_ANALYZER_NONNULL = YES;
				CLANG_CXX_LANGUAGE_STANDARD = "gnu++0x";
				CLANG_CXX_LIBRARY = "libc++";
				CLANG_ENABLE_MODULES = YES;
				CLANG_ENABLE_OBJC_ARC = YES;
				CLANG_WARN_BOOL_CONVERSION = YES;
				CLANG_WARN_CONSTANT_CONVERSION = YES;
				CLANG_WARN_DIRECT_OBJC_ISA_USAGE = YES_ERROR;
				CLANG_WARN_EMPTY_BODY = YES;
				CLANG_WARN_ENUM_CONVERSION = YES;
				CLANG_WARN_INT_CONVERSION = YES;
				CLANG_WARN_OBJC_ROOT_CLASS = YES_ERROR;
				CLANG_WARN_UNREACHABLE_CODE = YES;
				CLANG_WARN__DUPLICATE_METHOD_MATCH = YES;
				"CODE_SIGN_IDENTITY[sdk=iphoneos*]" = "iPhone Developer";
				COPY_PHASE_STRIP = NO;
				DEBUG_INFORMATION_FORMAT = dwarf;
				ENABLE_STRICT_OBJC_MSGSEND = YES;
				ENABLE_TESTABILITY = YES;
				GCC_C_LANGUAGE_STANDARD = gnu99;
				GCC_DYNAMIC_NO_PIC = NO;
				GCC_NO_COMMON_BLOCKS = YES;
				GCC_OPTIMIZATION_LEVEL = 0;
				GCC_PREPROCESSOR_DEFINITIONS = (
					"DEBUG=1",
					"$(inherited)",
				);
				GCC_WARN_64_TO_32_BIT_CONVERSION = YES;
				GCC_WARN_ABOUT_RETURN_TYPE = YES_ERROR;
				GCC_WARN_UNDECLARED_SELECTOR = YES;
				GCC_WARN_UNINITIALIZED_AUTOS = YES_AGGRESSIVE;
				GCC_WARN_UNUSED_FUNCTION = YES;
				GCC_WARN_UNUSED_VARIABLE = YES;
				IPHONEOS_DEPLOYMENT_TARGET = 9.3;
				MTL_ENABLE_DEBUG_INFO = YES;
				ONLY_ACTIVE_ARCH = YES;
				SDKROOT = iphoneos;
				TARGETED_DEVICE_FAMILY = "1,2";
			};
			name = Debug;
		};
		19FDF0531CA9950F00FBE133 /* Release */ = {
			isa = XCBuildConfiguration;
			buildSettings = {
				ALWAYS_SEARCH_USER_PATHS = NO;
				CLANG_ANALYZER_NONNULL = YES;
				CLANG_CXX_LANGUAGE_STANDARD = "gnu++0x";
				CLANG_CXX_LIBRARY = "libc++";
				CLANG_ENABLE_MODULES = YES;
				CLANG_ENABLE_OBJC_ARC = YES;
				CLANG_WARN_BOOL_CONVERSION = YES;
				CLANG_WARN_CONSTANT_CONVERSION = YES;
				CLANG_WARN_DIRECT_OBJC_ISA_USAGE = YES_ERROR;
				CLANG_WARN_EMPTY_BODY = YES;
				CLANG_WARN_ENUM_CONVERSION = YES;
				CLANG_WARN_INT_CONVERSION = YES;
				CLANG_WARN_OBJC_ROOT_CLASS = YES_ERROR;
				CLANG_WARN_UNREACHABLE_CODE = YES;
				CLANG_WARN__DUPLICATE_METHOD_MATCH = YES;
				"CODE_SIGN_IDENTITY[sdk=iphoneos*]" = "iPhone Developer";
				COPY_PHASE_STRIP = NO;
				DEBUG_INFORMATION_FORMAT = "dwarf-with-dsym";
				ENABLE_NS_ASSERTIONS = NO;
				ENABLE_STRICT_OBJC_MSGSEND = YES;
				GCC_C_LANGUAGE_STANDARD = gnu99;
				GCC_NO_COMMON_BLOCKS = YES;
				GCC_WARN_64_TO_32_BIT_CONVERSION = YES;
				GCC_WARN_ABOUT_RETURN_TYPE = YES_ERROR;
				GCC_WARN_UNDECLARED_SELECTOR = YES;
				GCC_WARN_UNINITIALIZED_AUTOS = YES_AGGRESSIVE;
				GCC_WARN_UNUSED_FUNCTION = YES;
				GCC_WARN_UNUSED_VARIABLE = YES;
				IPHONEOS_DEPLOYMENT_TARGET = 9.3;
				MTL_ENABLE_DEBUG_INFO = NO;
				SDKROOT = iphoneos;
				TARGETED_DEVICE_FAMILY = "1,2";
				VALIDATE_PRODUCT = YES;
			};
			name = Release;
		};
		19FDF0551CA9950F00FBE133 /* Debug */ = {
			isa = XCBuildConfiguration;
			buildSettings = {
				ASSETCATALOG_COMPILER_APPICON_NAME = AppIcon;
				CODE_SIGN_ENTITLEMENTS = Adept_iOS/Adept_iOS.entitlements;
				CODE_SIGN_IDENTITY = "iPhone Developer";
				"CODE_SIGN_IDENTITY[sdk=iphoneos*]" = "iPhone Developer";
				EMBEDDED_CONTENT_CONTAINS_SWIFT = YES;
				INFOPLIST_FILE = Adept_iOS/Info.plist;
				LD_RUNPATH_SEARCH_PATHS = "$(inherited) @executable_path/Frameworks";
				PRODUCT_BUNDLE_IDENTIFIER = "ICT-Club.Adept-iOS";
				PRODUCT_NAME = "$(TARGET_NAME)";
				PROVISIONING_PROFILE = "";
			};
			name = Debug;
		};
		19FDF0561CA9950F00FBE133 /* Release */ = {
			isa = XCBuildConfiguration;
			buildSettings = {
				ASSETCATALOG_COMPILER_APPICON_NAME = AppIcon;
				CODE_SIGN_ENTITLEMENTS = Adept_iOS/Adept_iOS.entitlements;
				CODE_SIGN_IDENTITY = "iPhone Developer";
				"CODE_SIGN_IDENTITY[sdk=iphoneos*]" = "iPhone Developer";
				EMBEDDED_CONTENT_CONTAINS_SWIFT = YES;
				INFOPLIST_FILE = Adept_iOS/Info.plist;
				LD_RUNPATH_SEARCH_PATHS = "$(inherited) @executable_path/Frameworks";
				PRODUCT_BUNDLE_IDENTIFIER = "ICT-Club.Adept-iOS";
				PRODUCT_NAME = "$(TARGET_NAME)";
				PROVISIONING_PROFILE = "";
			};
			name = Release;
		};
/* End XCBuildConfiguration section */

/* Begin XCConfigurationList section */
		19FDF0351CA9950F00FBE133 /* Build configuration list for PBXProject "Adept_iOS" */ = {
			isa = XCConfigurationList;
			buildConfigurations = (
				19FDF0521CA9950F00FBE133 /* Debug */,
				19FDF0531CA9950F00FBE133 /* Release */,
			);
			defaultConfigurationIsVisible = 0;
			defaultConfigurationName = Release;
		};
		19FDF0541CA9950F00FBE133 /* Build configuration list for PBXNativeTarget "Adept_iOS" */ = {
			isa = XCConfigurationList;
			buildConfigurations = (
				19FDF0551CA9950F00FBE133 /* Debug */,
				19FDF0561CA9950F00FBE133 /* Release */,
			);
			defaultConfigurationIsVisible = 0;
			defaultConfigurationName = Release;
		};
/* End XCConfigurationList section */
	};
	rootObject = 19FDF0321CA9950F00FBE133 /* Project object */;
}
